
Microsoft Visual Studio Solution File, Format Version 12.00
# Visual Studio Version 16
VisualStudioVersion = 16.0.31515.178
MinimumVisualStudioVersion = 10.0.40219.1
Project("{FAE04EC0-301F-11D3-BF4B-00C04F79EFBC}") = "cSharp", "cSharp.csproj", "{3C4349CC-26A6-42EF-8C73-7C4DA2B05686}"
EndProject
Global
	GlobalSection(SolutionConfigurationPlatforms) = preSolution
		Debug|Any CPU = Debug|Any CPU
		Release|Any CPU = Release|Any CPU
	EndGlobalSection
	GlobalSection(ProjectConfigurationPlatforms) = postSolution
		{3C4349CC-26A6-42EF-8C73-7C4DA2B05686}.Debug|Any CPU.ActiveCfg = Debug|Any CPU
		{3C4349CC-26A6-42EF-8C73-7C4DA2B05686}.Debug|Any CPU.Build.0 = Debug|Any CPU
		{3C4349CC-26A6-42EF-8C73-7C4DA2B05686}.Release|Any CPU.ActiveCfg = Release|Any CPU
		{3C4349CC-26A6-42EF-8C73-7C4DA2B05686}.Release|Any CPU.Build.0 = Release|Any CPU
	EndGlobalSection
	GlobalSection(SolutionProperties) = preSolution
		HideSolutionNode = FALSE
	EndGlobalSection
	GlobalSection(ExtensibilityGlobals) = postSolution
		SolutionGuid = {D090DCF6-E05C-4C54-9021-CBAD634992B9}
	EndGlobalSection
EndGlobal
